// !$*UTF8*$!
{
	archiveVersion = 1;
	classes = {
	};
	objectVersion = 46;
	objects = {

/* Begin PBXBuildFile section */
		8321B9B11E08C0E00096E3BF /* AppDelegate.swift in Sources */ = {isa = PBXBuildFile; fileRef = 8321B9B01E08C0E00096E3BF /* AppDelegate.swift */; };
		8321B9B31E08C0E00096E3BF /* ViewController.swift in Sources */ = {isa = PBXBuildFile; fileRef = 8321B9B21E08C0E00096E3BF /* ViewController.swift */; };
		8321B9B61E08C0E00096E3BF /* Main.storyboard in Resources */ = {isa = PBXBuildFile; fileRef = 8321B9B41E08C0E00096E3BF /* Main.storyboard */; };
		8321B9B81E08C0E00096E3BF /* Assets.xcassets in Resources */ = {isa = PBXBuildFile; fileRef = 8321B9B71E08C0E00096E3BF /* Assets.xcassets */; };
		8321B9BB1E08C0E00096E3BF /* LaunchScreen.storyboard in Resources */ = {isa = PBXBuildFile; fileRef = 8321B9B91E08C0E00096E3BF /* LaunchScreen.storyboard */; };
		8321B9C61E08C0E00096E3BF /* HelloWorldTests.swift in Sources */ = {isa = PBXBuildFile; fileRef = 8321B9C51E08C0E00096E3BF /* HelloWorldTests.swift */; };
		8321B9D11E08C0E00096E3BF /* HelloWorldUITests.swift in Sources */ = {isa = PBXBuildFile; fileRef = 8321B9D01E08C0E00096E3BF /* HelloWorldUITests.swift */; };
/* End PBXBuildFile section */

/* Begin PBXContainerItemProxy section */
		8321B9C21E08C0E00096E3BF /* PBXContainerItemProxy */ = {
			isa = PBXContainerItemProxy;
			containerPortal = 8321B9A51E08C0E00096E3BF /* Project object */;
			proxyType = 1;
			remoteGlobalIDString = 8321B9AC1E08C0E00096E3BF;
			remoteInfo = HelloWorld;
		};
		8321B9CD1E08C0E00096E3BF /* PBXContainerItemProxy */ = {
			isa = PBXContainerItemProxy;
			containerPortal = 8321B9A51E08C0E00096E3BF /* Project object */;
			proxyType = 1;
			remoteGlobalIDString = 8321B9AC1E08C0E00096E3BF;
			remoteInfo = HelloWorld;
		};
/* End PBXContainerItemProxy section */

/* Begin PBXFileReference section */
		8321B9AD1E08C0E00096E3BF /* HelloWorld.app */ = {isa = PBXFileReference; explicitFileType = wrapper.application; includeInIndex = 0; path = HelloWorld.app; sourceTree = BUILT_PRODUCTS_DIR; };
		8321B9B01E08C0E00096E3BF /* AppDelegate.swift */ = {isa = PBXFileReference; lastKnownFileType = sourcecode.swift; path = AppDelegate.swift; sourceTree = "<group>"; };
		8321B9B21E08C0E00096E3BF /* ViewController.swift */ = {isa = PBXFileReference; lastKnownFileType = sourcecode.swift; path = ViewController.swift; sourceTree = "<group>"; };
		8321B9B51E08C0E00096E3BF /* Base */ = {isa = PBXFileReference; lastKnownFileType = file.storyboard; name = Base; path = Base.lproj/Main.storyboard; sourceTree = "<group>"; };
		8321B9B71E08C0E00096E3BF /* Assets.xcassets */ = {isa = PBXFileReference; lastKnownFileType = folder.assetcatalog; path = Assets.xcassets; sourceTree = "<group>"; };
		8321B9BA1E08C0E00096E3BF /* Base */ = {isa = PBXFileReference; lastKnownFileType = file.storyboard; name = Base; path = Base.lproj/LaunchScreen.storyboard; sourceTree = "<group>"; };
		8321B9BC1E08C0E00096E3BF /* Info.plist */ = {isa = PBXFileReference; lastKnownFileType = text.plist.xml; path = Info.plist; sourceTree = "<group>"; };
		8321B9C11E08C0E00096E3BF /* HelloWorldTests.xctest */ = {isa = PBXFileReference; explicitFileType = wrapper.cfbundle; includeInIndex = 0; path = HelloWorldTests.xctest; sourceTree = BUILT_PRODUCTS_DIR; };
		8321B9C51E08C0E00096E3BF /* HelloWorldTests.swift */ = {isa = PBXFileReference; lastKnownFileType = sourcecode.swift; path = HelloWorldTests.swift; sourceTree = "<group>"; };
		8321B9C71E08C0E00096E3BF /* Info.plist */ = {isa = PBXFileReference; lastKnownFileType = text.plist.xml; path = Info.plist; sourceTree = "<group>"; };
		8321B9CC1E08C0E00096E3BF /* HelloWorldUITests.xctest */ = {isa = PBXFileReference; explicitFileType = wrapper.cfbundle; includeInIndex = 0; path = HelloWorldUITests.xctest; sourceTree = BUILT_PRODUCTS_DIR; };
		8321B9D01E08C0E00096E3BF /* HelloWorldUITests.swift */ = {isa = PBXFileReference; lastKnownFileType = sourcecode.swift; path = HelloWorldUITests.swift; sourceTree = "<group>"; };
		8321B9D21E08C0E00096E3BF /* Info.plist */ = {isa = PBXFileReference; lastKnownFileType = text.plist.xml; path = Info.plist; sourceTree = "<group>"; };
/* End PBXFileReference section */

/* Begin PBXFrameworksBuildPhase section */
		8321B9AA1E08C0E00096E3BF /* Frameworks */ = {
			isa = PBXFrameworksBuildPhase;
			buildActionMask = 2147483647;
			files = (
			);
			runOnlyForDeploymentPostprocessing = 0;
		};
		8321B9BE1E08C0E00096E3BF /* Frameworks */ = {
			isa = PBXFrameworksBuildPhase;
			buildActionMask = 2147483647;
			files = (
			);
			runOnlyForDeploymentPostprocessing = 0;
		};
		8321B9C91E08C0E00096E3BF /* Frameworks */ = {
			isa = PBXFrameworksBuildPhase;
			buildActionMask = 2147483647;
			files = (
			);
			runOnlyForDeploymentPostprocessing = 0;
		};
/* End PBXFrameworksBuildPhase section */

/* Begin PBXGroup section */
		8321B9A41E08C0E00096E3BF = {
			isa = PBXGroup;
			children = (
				8321B9AF1E08C0E00096E3BF /* HelloWorld */,
				8321B9C41E08C0E00096E3BF /* HelloWorldTests */,
				8321B9CF1E08C0E00096E3BF /* HelloWorldUITests */,
				8321B9AE1E08C0E00096E3BF /* Products */,
			);
			sourceTree = "<group>";
		};
		8321B9AE1E08C0E00096E3BF /* Products */ = {
			isa = PBXGroup;
			children = (
				8321B9AD1E08C0E00096E3BF /* HelloWorld.app */,
				8321B9C11E08C0E00096E3BF /* HelloWorldTests.xctest */,
				8321B9CC1E08C0E00096E3BF /* HelloWorldUITests.xctest */,
			);
			name = Products;
			sourceTree = "<group>";
		};
		8321B9AF1E08C0E00096E3BF /* HelloWorld */ = {
			isa = PBXGroup;
			children = (
				8321B9B01E08C0E00096E3BF /* AppDelegate.swift */,
				8321B9B21E08C0E00096E3BF /* ViewController.swift */,
				8321B9B41E08C0E00096E3BF /* Main.storyboard */,
				8321B9B71E08C0E00096E3BF /* Assets.xcassets */,
				8321B9B91E08C0E00096E3BF /* LaunchScreen.storyboard */,
				8321B9BC1E08C0E00096E3BF /* Info.plist */,
			);
			path = HelloWorld;
			sourceTree = "<group>";
		};
		8321B9C41E08C0E00096E3BF /* HelloWorldTests */ = {
			isa = PBXGroup;
			children = (
				8321B9C51E08C0E00096E3BF /* HelloWorldTests.swift */,
				8321B9C71E08C0E00096E3BF /* Info.plist */,
			);
			path = HelloWorldTests;
			sourceTree = "<group>";
		};
		8321B9CF1E08C0E00096E3BF /* HelloWorldUITests */ = {
			isa = PBXGroup;
			children = (
				8321B9D01E08C0E00096E3BF /* HelloWorldUITests.swift */,
				8321B9D21E08C0E00096E3BF /* Info.plist */,
			);
			path = HelloWorldUITests;
			sourceTree = "<group>";
		};
/* End PBXGroup section */

/* Begin PBXNativeTarget section */
		8321B9AC1E08C0E00096E3BF /* HelloWorld */ = {
			isa = PBXNativeTarget;
			buildConfigurationList = 8321B9D51E08C0E00096E3BF /* Build configuration list for PBXNativeTarget "HelloWorld" */;
			buildPhases = (
				8321B9A91E08C0E00096E3BF /* Sources */,
				8321B9AA1E08C0E00096E3BF /* Frameworks */,
				8321B9AB1E08C0E00096E3BF /* Resources */,
			);
			buildRules = (
			);
			dependencies = (
			);
			name = HelloWorld;
			productName = HelloWorld;
			productReference = 8321B9AD1E08C0E00096E3BF /* HelloWorld.app */;
			productType = "com.apple.product-type.application";
		};
		8321B9C01E08C0E00096E3BF /* HelloWorldTests */ = {
			isa = PBXNativeTarget;
			buildConfigurationList = 8321B9D81E08C0E00096E3BF /* Build configuration list for PBXNativeTarget "HelloWorldTests" */;
			buildPhases = (
				8321B9BD1E08C0E00096E3BF /* Sources */,
				8321B9BE1E08C0E00096E3BF /* Frameworks */,
				8321B9BF1E08C0E00096E3BF /* Resources */,
			);
			buildRules = (
			);
			dependencies = (
				8321B9C31E08C0E00096E3BF /* PBXTargetDependency */,
			);
			name = HelloWorldTests;
			productName = HelloWorldTests;
			productReference = 8321B9C11E08C0E00096E3BF /* HelloWorldTests.xctest */;
			productType = "com.apple.product-type.bundle.unit-test";
		};
		8321B9CB1E08C0E00096E3BF /* HelloWorldUITests */ = {
			isa = PBXNativeTarget;
			buildConfigurationList = 8321B9DB1E08C0E00096E3BF /* Build configuration list for PBXNativeTarget "HelloWorldUITests" */;
			buildPhases = (
				8321B9C81E08C0E00096E3BF /* Sources */,
				8321B9C91E08C0E00096E3BF /* Frameworks */,
				8321B9CA1E08C0E00096E3BF /* Resources */,
			);
			buildRules = (
			);
			dependencies = (
				8321B9CE1E08C0E00096E3BF /* PBXTargetDependency */,
			);
			name = HelloWorldUITests;
			productName = HelloWorldUITests;
			productReference = 8321B9CC1E08C0E00096E3BF /* HelloWorldUITests.xctest */;
			productType = "com.apple.product-type.bundle.ui-testing";
		};
/* End PBXNativeTarget section */

/* Begin PBXProject section */
		8321B9A51E08C0E00096E3BF /* Project object */ = {
			isa = PBXProject;
			attributes = {
				LastSwiftUpdateCheck = 0820;
				LastUpgradeCheck = 0820;
				ORGANIZATIONNAME = chris;
				TargetAttributes = {
					8321B9AC1E08C0E00096E3BF = {
						CreatedOnToolsVersion = 8.2;
						ProvisioningStyle = Automatic;
					};
					8321B9C01E08C0E00096E3BF = {
						CreatedOnToolsVersion = 8.2;
						ProvisioningStyle = Automatic;
						TestTargetID = 8321B9AC1E08C0E00096E3BF;
					};
					8321B9CB1E08C0E00096E3BF = {
						CreatedOnToolsVersion = 8.2;
						ProvisioningStyle = Automatic;
						TestTargetID = 8321B9AC1E08C0E00096E3BF;
					};
				};
			};
			buildConfigurationList = 8321B9A81E08C0E00096E3BF /* Build configuration list for PBXProject "HelloWorld" */;
			compatibilityVersion = "Xcode 3.2";
			developmentRegion = English;
			hasScannedForEncodings = 0;
			knownRegions = (
				en,
				Base,
			);
			mainGroup = 8321B9A41E08C0E00096E3BF;
			productRefGroup = 8321B9AE1E08C0E00096E3BF /* Products */;
			projectDirPath = "";
			projectRoot = "";
			targets = (
				8321B9AC1E08C0E00096E3BF /* HelloWorld */,
				8321B9C01E08C0E00096E3BF /* HelloWorldTests */,
				8321B9CB1E08C0E00096E3BF /* HelloWorldUITests */,
			);
		};
/* End PBXProject section */

/* Begin PBXResourcesBuildPhase section */
		8321B9AB1E08C0E00096E3BF /* Resources */ = {
			isa = PBXResourcesBuildPhase;
			buildActionMask = 2147483647;
			files = (
				8321B9BB1E08C0E00096E3BF /* LaunchScreen.storyboard in Resources */,
				8321B9B81E08C0E00096E3BF /* Assets.xcassets in Resources */,
				8321B9B61E08C0E00096E3BF /* Main.storyboard in Resources */,
			);
			runOnlyForDeploymentPostprocessing = 0;
		};
		8321B9BF1E08C0E00096E3BF /* Resources */ = {
			isa = PBXResourcesBuildPhase;
			buildActionMask = 2147483647;
			files = (
			);
			runOnlyForDeploymentPostprocessing = 0;
		};
		8321B9CA1E08C0E00096E3BF /* Resources */ = {
			isa = PBXResourcesBuildPhase;
			buildActionMask = 2147483647;
			files = (
			);
			runOnlyForDeploymentPostprocessing = 0;
		};
/* End PBXResourcesBuildPhase section */

/* Begin PBXSourcesBuildPhase section */
		8321B9A91E08C0E00096E3BF /* Sources */ = {
			isa = PBXSourcesBuildPhase;
			buildActionMask = 2147483647;
			files = (
				8321B9B31E08C0E00096E3BF /* ViewController.swift in Sources */,
				8321B9B11E08C0E00096E3BF /* AppDelegate.swift in Sources */,
			);
			runOnlyForDeploymentPostprocessing = 0;
		};
		8321B9BD1E08C0E00096E3BF /* Sources */ = {
			isa = PBXSourcesBuildPhase;
			buildActionMask = 2147483647;
			files = (
				8321B9C61E08C0E00096E3BF /* HelloWorldTests.swift in Sources */,
			);
			runOnlyForDeploymentPostprocessing = 0;
		};
		8321B9C81E08C0E00096E3BF /* Sources */ = {
			isa = PBXSourcesBuildPhase;
			buildActionMask = 2147483647;
			files = (
				8321B9D11E08C0E00096E3BF /* HelloWorldUITests.swift in Sources */,
			);
			runOnlyForDeploymentPostprocessing = 0;
		};
/* End PBXSourcesBuildPhase section */

/* Begin PBXTargetDependency section */
		8321B9C31E08C0E00096E3BF /* PBXTargetDependency */ = {
			isa = PBXTargetDependency;
			target = 8321B9AC1E08C0E00096E3BF /* HelloWorld */;
			targetProxy = 8321B9C21E08C0E00096E3BF /* PBXContainerItemProxy */;
		};
		8321B9CE1E08C0E00096E3BF /* PBXTargetDependency */ = {
			isa = PBXTargetDependency;
			target = 8321B9AC1E08C0E00096E3BF /* HelloWorld */;
			targetProxy = 8321B9CD1E08C0E00096E3BF /* PBXContainerItemProxy */;
		};
/* End PBXTargetDependency section */

/* Begin PBXVariantGroup section */
		8321B9B41E08C0E00096E3BF /* Main.storyboard */ = {
			isa = PBXVariantGroup;
			children = (
				8321B9B51E08C0E00096E3BF /* Base */,
			);
			name = Main.storyboard;
			sourceTree = "<group>";
		};
		8321B9B91E08C0E00096E3BF /* LaunchScreen.storyboard */ = {
			isa = PBXVariantGroup;
			children = (
				8321B9BA1E08C0E00096E3BF /* Base */,
			);
			name = LaunchScreen.storyboard;
			sourceTree = "<group>";
		};
/* End PBXVariantGroup section */

/* Begin XCBuildConfiguration section */
		8321B9D31E08C0E00096E3BF /* Debug */ = {
			isa = XCBuildConfiguration;
			buildSettings = {
				ALWAYS_SEARCH_USER_PATHS = NO;
				CLANG_ANALYZER_NONNULL = YES;
				CLANG_CXX_LANGUAGE_STANDARD = "gnu++0x";
				CLANG_CXX_LIBRARY = "libc++";
				CLANG_ENABLE_MODULES = YES;
				CLANG_ENABLE_OBJC_ARC = YES;
				CLANG_WARN_BOOL_CONVERSION = YES;
				CLANG_WARN_CONSTANT_CONVERSION = YES;
				CLANG_WARN_DIRECT_OBJC_ISA_USAGE = YES_ERROR;
				CLANG_WARN_DOCUMENTATION_COMMENTS = YES;
				CLANG_WARN_EMPTY_BODY = YES;
				CLANG_WARN_ENUM_CONVERSION = YES;
				CLANG_WARN_INFINITE_RECURSION = YES;
				CLANG_WARN_INT_CONVERSION = YES;
				CLANG_WARN_OBJC_ROOT_CLASS = YES_ERROR;
				CLANG_WARN_SUSPICIOUS_MOVE = YES;
				CLANG_WARN_UNREACHABLE_CODE = YES;
				CLANG_WARN__DUPLICATE_METHOD_MATCH = YES;
				"CODE_SIGN_IDENTITY[sdk=iphoneos*]" = "iPhone Developer";
				COPY_PHASE_STRIP = NO;
				DEBUG_INFORMATION_FORMAT = dwarf;
				ENABLE_STRICT_OBJC_MSGSEND = YES;
				ENABLE_TESTABILITY = YES;
				GCC_C_LANGUAGE_STANDARD = gnu99;
				GCC_DYNAMIC_NO_PIC = NO;
				GCC_NO_COMMON_BLOCKS = YES;
				GCC_OPTIMIZATION_LEVEL = 0;
				GCC_PREPROCESSOR_DEFINITIONS = (
					"DEBUG=1",
					"$(inherited)",
				);
				GCC_WARN_64_TO_32_BIT_CONVERSION = YES;
				GCC_WARN_ABOUT_RETURN_TYPE = YES_ERROR;
				GCC_WARN_UNDECLARED_SELECTOR = YES;
				GCC_WARN_UNINITIALIZED_AUTOS = YES_AGGRESSIVE;
				GCC_WARN_UNUSED_FUNCTION = YES;
				GCC_WARN_UNUSED_VARIABLE = YES;
				IPHONEOS_DEPLOYMENT_TARGET = 10.2;
				MTL_ENABLE_DEBUG_INFO = YES;
				ONLY_ACTIVE_ARCH = YES;
				SDKROOT = iphoneos;
				SWIFT_ACTIVE_COMPILATION_CONDITIONS = DEBUG;
				SWIFT_OPTIMIZATION_LEVEL = "-Onone";
			};
			name = Debug;
		};
		8321B9D41E08C0E00096E3BF /* Release */ = {
			isa = XCBuildConfiguration;
			buildSettings = {
				ALWAYS_SEARCH_USER_PATHS = NO;
				CLANG_ANALYZER_NONNULL = YES;
				CLANG_CXX_LANGUAGE_STANDARD = "gnu++0x";
				CLANG_CXX_LIBRARY = "libc++";
				CLANG_ENABLE_MODULES = YES;
				CLANG_ENABLE_OBJC_ARC = YES;
				CLANG_WARN_BOOL_CONVERSION = YES;
				CLANG_WARN_CONSTANT_CONVERSION = YES;
				CLANG_WARN_DIRECT_OBJC_ISA_USAGE = YES_ERROR;
				CLANG_WARN_DOCUMENTATION_COMMENTS = YES;
				CLANG_WARN_EMPTY_BODY = YES;
				CLANG_WARN_ENUM_CONVERSION = YES;
				CLANG_WARN_INFINITE_RECURSION = YES;
				CLANG_WARN_INT_CONVERSION = YES;
				CLANG_WARN_OBJC_ROOT_CLASS = YES_ERROR;
				CLANG_WARN_SUSPICIOUS_MOVE = YES;
				CLANG_WARN_UNREACHABLE_CODE = YES;
				CLANG_WARN__DUPLICATE_METHOD_MATCH = YES;
				"CODE_SIGN_IDENTITY[sdk=iphoneos*]" = "iPhone Developer";
				COPY_PHASE_STRIP = NO;
				DEBUG_INFORMATION_FORMAT = "dwarf-with-dsym";
				ENABLE_NS_ASSERTIONS = NO;
				ENABLE_STRICT_OBJC_MSGSEND = YES;
				GCC_C_LANGUAGE_STANDARD = gnu99;
				GCC_NO_COMMON_BLOCKS = YES;
				GCC_WARN_64_TO_32_BIT_CONVERSION = YES;
				GCC_WARN_ABOUT_RETURN_TYPE = YES_ERROR;
				GCC_WARN_UNDECLARED_SELECTOR = YES;
				GCC_WARN_UNINITIALIZED_AUTOS = YES_AGGRESSIVE;
				GCC_WARN_UNUSED_FUNCTION = YES;
				GCC_WARN_UNUSED_VARIABLE = YES;
				IPHONEOS_DEPLOYMENT_TARGET = 10.2;
				MTL_ENABLE_DEBUG_INFO = NO;
				SDKROOT = iphoneos;
				SWIFT_OPTIMIZATION_LEVEL = "-Owholemodule";
				VALIDATE_PRODUCT = YES;
			};
			name = Release;
		};
		8321B9D61E08C0E00096E3BF /* Debug */ = {
			isa = XCBuildConfiguration;
			buildSettings = {
				ASSETCATALOG_COMPILER_APPICON_NAME = AppIcon;
				INFOPLIST_FILE = HelloWorld/Info.plist;
				LD_RUNPATH_SEARCH_PATHS = "$(inherited) @executable_path/Frameworks";
				PRODUCT_BUNDLE_IDENTIFIER = com.jike.zf.HelloWorld;
				PRODUCT_NAME = "$(TARGET_NAME)";
				SWIFT_VERSION = 3.0;
			};
			name = Debug;
		};
		8321B9D71E08C0E00096E3BF /* Release */ = {
			isa = XCBuildConfiguration;
			buildSettings = {
				ASSETCATALOG_COMPILER_APPICON_NAME = AppIcon;
				INFOPLIST_FILE = HelloWorld/Info.plist;
				LD_RUNPATH_SEARCH_PATHS = "$(inherited) @executable_path/Frameworks";
				PRODUCT_BUNDLE_IDENTIFIER = com.jike.zf.HelloWorld;
				PRODUCT_NAME = "$(TARGET_NAME)";
				SWIFT_VERSION = 3.0;
			};
			name = Release;
		};
		8321B9D91E08C0E00096E3BF /* Debug */ = {
			isa = XCBuildConfiguration;
			buildSettings = {
				ALWAYS_EMBED_SWIFT_STANDARD_LIBRARIES = YES;
				BUNDLE_LOADER = "$(TEST_HOST)";
				INFOPLIST_FILE = HelloWorldTests/Info.plist;
				LD_RUNPATH_SEARCH_PATHS = "$(inherited) @executable_path/Frameworks @loader_path/Frameworks";
				PRODUCT_BUNDLE_IDENTIFIER = com.jike.zf.HelloWorldTests;
				PRODUCT_NAME = "$(TARGET_NAME)";
				SWIFT_VERSION = 3.0;
				TEST_HOST = "$(BUILT_PRODUCTS_DIR)/HelloWorld.app/HelloWorld";
			};
			name = Debug;
		};
		8321B9DA1E08C0E00096E3BF /* Release */ = {
			isa = XCBuildConfiguration;
			buildSettings = {
				ALWAYS_EMBED_SWIFT_STANDARD_LIBRARIES = YES;
				BUNDLE_LOADER = "$(TEST_HOST)";
				INFOPLIST_FILE = HelloWorldTests/Info.plist;
				LD_RUNPATH_SEARCH_PATHS = "$(inherited) @executable_path/Frameworks @loader_path/Frameworks";
				PRODUCT_BUNDLE_IDENTIFIER = com.jike.zf.HelloWorldTests;
				PRODUCT_NAME = "$(TARGET_NAME)";
				SWIFT_VERSION = 3.0;
				TEST_HOST = "$(BUILT_PRODUCTS_DIR)/HelloWorld.app/HelloWorld";
			};
			name = Release;
		};
		8321B9DC1E08C0E00096E3BF /* Debug */ = {
			isa = XCBuildConfiguration;
			buildSettings = {
				ALWAYS_EMBED_SWIFT_STANDARD_LIBRARIES = YES;
				INFOPLIST_FILE = HelloWorldUITests/Info.plist;
				LD_RUNPATH_SEARCH_PATHS = "$(inherited) @executable_path/Frameworks @loader_path/Frameworks";
				PRODUCT_BUNDLE_IDENTIFIER = com.jike.zf.HelloWorldUITests;
				PRODUCT_NAME = "$(TARGET_NAME)";
				SWIFT_VERSION = 3.0;
				TEST_TARGET_NAME = HelloWorld;
			};
			name = Debug;
		};
		8321B9DD1E08C0E00096E3BF /* Release */ = {
			isa = XCBuildConfiguration;
			buildSettings = {
				ALWAYS_EMBED_SWIFT_STANDARD_LIBRARIES = YES;
				INFOPLIST_FILE = HelloWorldUITests/Info.plist;
				LD_RUNPATH_SEARCH_PATHS = "$(inherited) @executable_path/Frameworks @loader_path/Frameworks";
				PRODUCT_BUNDLE_IDENTIFIER = com.jike.zf.HelloWorldUITests;
				PRODUCT_NAME = "$(TARGET_NAME)";
				SWIFT_VERSION = 3.0;
				TEST_TARGET_NAME = HelloWorld;
			};
			name = Release;
		};
/* End XCBuildConfiguration section */

/* Begin XCConfigurationList section */
		8321B9A81E08C0E00096E3BF /* Build configuration list for PBXProject "HelloWorld" */ = {
			isa = XCConfigurationList;
			buildConfigurations = (
				8321B9D31E08C0E00096E3BF /* Debug */,
				8321B9D41E08C0E00096E3BF /* Release */,
			);
			defaultConfigurationIsVisible = 0;
			defaultConfigurationName = Release;
		};
		8321B9D51E08C0E00096E3BF /* Build configuration list for PBXNativeTarget "HelloWorld" */ = {
			isa = XCConfigurationList;
			buildConfigurations = (
				8321B9D61E08C0E00096E3BF /* Debug */,
				8321B9D71E08C0E00096E3BF /* Release */,
			);
			defaultConfigurationIsVisible = 0;
			defaultConfigurationName = Release;
		};
		8321B9D81E08C0E00096E3BF /* Build configuration list for PBXNativeTarget "HelloWorldTests" */ = {
			isa = XCConfigurationList;
			buildConfigurations = (
				8321B9D91E08C0E00096E3BF /* Debug */,
				8321B9DA1E08C0E00096E3BF /* Release */,
			);
			defaultConfigurationIsVisible = 0;
			defaultConfigurationName = Release;
		};
		8321B9DB1E08C0E00096E3BF /* Build configuration list for PBXNativeTarget "HelloWorldUITests" */ = {
			isa = XCConfigurationList;
			buildConfigurations = (
				8321B9DC1E08C0E00096E3BF /* Debug */,
				8321B9DD1E08C0E00096E3BF /* Release */,
			);
			defaultConfigurationIsVisible = 0;
			defaultConfigurationName = Release;
		};
/* End XCConfigurationList section */
	};
	rootObject = 8321B9A51E08C0E00096E3BF /* Project object */;
}
